
Microsoft Visual Studio Solution File, Format Version 12.00
# Visual Studio Version 17
VisualStudioVersion = 17.1.32210.238
MinimumVisualStudioVersion = 10.0.40219.1
Project("{9A19103F-16F7-4668-BE54-9A1E7A4F7556}") = "rick-morty", "rick-morty\rick-morty.csproj", "{D6ED7B07-D98E-4406-AD63-611D1D3397FF}"
	ProjectSection(ProjectDependencies) = postProject
		{C7747B8C-21C0-49C4-88A6-0C20F21DC63F} = {C7747B8C-21C0-49C4-88A6-0C20F21DC63F}
	EndProjectSection
EndProject
Project("{9A19103F-16F7-4668-BE54-9A1E7A4F7556}") = "BLL", "BLL\BLL.csproj", "{C7747B8C-21C0-49C4-88A6-0C20F21DC63F}"
	ProjectSection(ProjectDependencies) = postProject
		{C1AF17A3-2AFB-47A9-B5E1-77D248A26270} = {C1AF17A3-2AFB-47A9-B5E1-77D248A26270}
	EndProjectSection
EndProject
Project("{9A19103F-16F7-4668-BE54-9A1E7A4F7556}") = "DAL", "DAL\DAL.csproj", "{C1AF17A3-2AFB-47A9-B5E1-77D248A26270}"
EndProject
Global
	GlobalSection(SolutionConfigurationPlatforms) = preSolution
		Debug|Any CPU = Debug|Any CPU
		Release|Any CPU = Release|Any CPU
	EndGlobalSection
	GlobalSection(ProjectConfigurationPlatforms) = postSolution
		{D6ED7B07-D98E-4406-AD63-611D1D3397FF}.Debug|Any CPU.ActiveCfg = Debug|Any CPU
		{D6ED7B07-D98E-4406-AD63-611D1D3397FF}.Debug|Any CPU.Build.0 = Debug|Any CPU
		{D6ED7B07-D98E-4406-AD63-611D1D3397FF}.Release|Any CPU.ActiveCfg = Release|Any CPU
		{D6ED7B07-D98E-4406-AD63-611D1D3397FF}.Release|Any CPU.Build.0 = Release|Any CPU
		{C7747B8C-21C0-49C4-88A6-0C20F21DC63F}.Debug|Any CPU.ActiveCfg = Debug|Any CPU
		{C7747B8C-21C0-49C4-88A6-0C20F21DC63F}.Debug|Any CPU.Build.0 = Debug|Any CPU
		{C7747B8C-21C0-49C4-88A6-0C20F21DC63F}.Release|Any CPU.ActiveCfg = Release|Any CPU
		{C7747B8C-21C0-49C4-88A6-0C20F21DC63F}.Release|Any CPU.Build.0 = Release|Any CPU
		{C1AF17A3-2AFB-47A9-B5E1-77D248A26270}.Debug|Any CPU.ActiveCfg = Debug|Any CPU
		{C1AF17A3-2AFB-47A9-B5E1-77D248A26270}.Debug|Any CPU.Build.0 = Debug|Any CPU
		{C1AF17A3-2AFB-47A9-B5E1-77D248A26270}.Release|Any CPU.ActiveCfg = Release|Any CPU
		{C1AF17A3-2AFB-47A9-B5E1-77D248A26270}.Release|Any CPU.Build.0 = Release|Any CPU
	EndGlobalSection
	GlobalSection(SolutionProperties) = preSolution
		HideSolutionNode = FALSE
	EndGlobalSection
	GlobalSection(ExtensibilityGlobals) = postSolution
		SolutionGuid = {D8300BBD-EBC9-4BBE-82ED-FD9D559071C2}
	EndGlobalSection
EndGlobal
